
Microsoft Visual Studio Solution File, Format Version 12.00
# Visual Studio Version 17
VisualStudioVersion = 17.6.33829.357
MinimumVisualStudioVersion = 10.0.40219.1
Project("{9A19103F-16F7-4668-BE54-9A1E7A4F7556}") = "Cynexo.Communicator", "cynexo.communicator\Cynexo.Communicator.csproj", "{5AF4BFB5-CAF7-4DFA-AA4D-2A16E52EEBB5}"
EndProject
Project("{9A19103F-16F7-4668-BE54-9A1E7A4F7556}") = "Test.Communicator", "test.communicator\Test.Communicator.csproj", "{9232BAC0-9904-44FB-82FF-1731C76550B2}"
EndProject
Project("{9A19103F-16F7-4668-BE54-9A1E7A4F7556}") = "Cynexo.App", "cynexo.app\Cynexo.App.csproj", "{10F26771-367A-45F3-88C4-43ADA890D1D5}"
EndProject
Global
	GlobalSection(SolutionConfigurationPlatforms) = preSolution
		Debug|Any CPU = Debug|Any CPU
		Release|Any CPU = Release|Any CPU
	EndGlobalSection
	GlobalSection(ProjectConfigurationPlatforms) = postSolution
		{5AF4BFB5-CAF7-4DFA-AA4D-2A16E52EEBB5}.Debug|Any CPU.ActiveCfg = Debug|Any CPU
		{5AF4BFB5-CAF7-4DFA-AA4D-2A16E52EEBB5}.Debug|Any CPU.Build.0 = Debug|Any CPU
		{5AF4BFB5-CAF7-4DFA-AA4D-2A16E52EEBB5}.Release|Any CPU.ActiveCfg = Release|Any CPU
		{5AF4BFB5-CAF7-4DFA-AA4D-2A16E52EEBB5}.Release|Any CPU.Build.0 = Release|Any CPU
		{9232BAC0-9904-44FB-82FF-1731C76550B2}.Debug|Any CPU.ActiveCfg = Debug|Any CPU
		{9232BAC0-9904-44FB-82FF-1731C76550B2}.Debug|Any CPU.Build.0 = Debug|Any CPU
		{9232BAC0-9904-44FB-82FF-1731C76550B2}.Release|Any CPU.ActiveCfg = Release|Any CPU
		{9232BAC0-9904-44FB-82FF-1731C76550B2}.Release|Any CPU.Build.0 = Release|Any CPU
		{10F26771-367A-45F3-88C4-43ADA890D1D5}.Debug|Any CPU.ActiveCfg = Debug|Any CPU
		{10F26771-367A-45F3-88C4-43ADA890D1D5}.Debug|Any CPU.Build.0 = Debug|Any CPU
		{10F26771-367A-45F3-88C4-43ADA890D1D5}.Release|Any CPU.ActiveCfg = Release|Any CPU
		{10F26771-367A-45F3-88C4-43ADA890D1D5}.Release|Any CPU.Build.0 = Release|Any CPU
	EndGlobalSection
	GlobalSection(SolutionProperties) = preSolution
		HideSolutionNode = FALSE
	EndGlobalSection
	GlobalSection(ExtensibilityGlobals) = postSolution
		SolutionGuid = {F48B9545-02A4-45EE-A3D0-9C5F19B12447}
	EndGlobalSection
EndGlobal
